<?xml version="1.0" encoding="utf-8"?>
<Project ToolsVersion="4.0" xmlns="http://schemas.microsoft.com/developer/msbuild/2003">
  <ItemGroup>
    <Filter Include="imgui">
      <UniqueIdentifier>{0587d7a3-f2ce-4d56-b84f-a0005d3bfce6}</UniqueIdentifier>
    </Filter>
    <Filter Include="sources">
      <UniqueIdentifier>{08e36723-ce4f-4cff-9662-c40801cf1acf}</UniqueIdentifier>
    </Filter>
    <Filter Include="sources\animation">
      <UniqueIdentifier>{62c66df0-773c-4a26-8b11-f2afa3d31000}</UniqueIdentifier>
    </Filter>
  </ItemGroup>
  <ItemGroup>
    <ClInclude Include="..\..\imconfig.h">
      <Filter>imgui</Filter>
    </ClInclude>
    <ClInclude Include="..\..\imgui.h">
      <Filter>imgui</Filter>
    </ClInclude>
    <ClInclude Include="..\..\imgui_internal.h">
      <Filter>imgui</Filter>
    </ClInclude>
    <ClInclude Include="..\..\backends\imgui_impl_win32.h">
      <Filter>sources</Filter>
    </ClInclude>
    <ClInclude Include="..\..\backends\imgui_impl_dx11.h">
      <Filter>sources</Filter>
    </ClInclude>
    <ClInclude Include="..\..\imgui_settings.h">
      <Filter>imgui</Filter>
    </ClInclude>
    <ClInclude Include="poppins_font.h">
      <Filter>sources</Filter>
    </ClInclude>
    <ClInclude Include="icon_font.h">
      <Filter>sources</Filter>
    </ClInclude>
    <ClInclude Include="roboto_font.h">
      <Filter>sources</Filter>
    </ClInclude>
    <ClInclude Include="..\..\imgui_freetype.h">
      <Filter>imgui</Filter>
    </ClInclude>
    <ClInclude Include="circle_load.h">
      <Filter>sources</Filter>
    </ClInclude>
    <ClInclude Include="minecraft_bg.h">
      <Filter>sources</Filter>
    </ClInclude>
    <ClInclude Include="logo.h">
      <Filter>sources</Filter>
    </ClInclude>
    <ClInclude Include="snow.hpp">
      <Filter>sources\animation</Filter>
    </ClInclude>
    <ClInclude Include="SmartyMem.h">
      <Filter>sources</Filter>
    </ClInclude>
    <ClInclude Include="SmartyAuthEncryptor.h" />
  </ItemGroup>
  <ItemGroup>
    <ClCompile Include="..\..\imgui.cpp">
      <Filter>imgui</Filter>
    </ClCompile>
    <ClCompile Include="main.cpp">
      <Filter>sources</Filter>
    </ClCompile>
    <ClCompile Include="..\..\imgui_draw.cpp">
      <Filter>imgui</Filter>
    </ClCompile>
    <ClCompile Include="..\..\imgui_widgets.cpp">
      <Filter>imgui</Filter>
    </ClCompile>
    <ClCompile Include="..\..\backends\imgui_impl_win32.cpp">
      <Filter>sources</Filter>
    </ClCompile>
    <ClCompile Include="..\..\backends\imgui_impl_dx11.cpp">
      <Filter>sources</Filter>
    </ClCompile>
    <ClCompile Include="..\..\imgui_tables.cpp">
      <Filter>imgui</Filter>
    </ClCompile>
    <ClCompile Include="..\..\imgui_freetype.cpp">
      <Filter>imgui</Filter>
    </ClCompile>
    <ClCompile Include="snow.cpp">
      <Filter>sources\animation</Filter>
    </ClCompile>
  </ItemGroup>
  <ItemGroup>
    <None Include="..\..\misc\debuggers\imgui.natvis">
      <Filter>imgui</Filter>
    </None>
    <None Include="packages.config" />
  </ItemGroup>
  <ItemGroup>
    <Library Include="..\..\freetype\win64\freetype.lib">
      <Filter>imgui</Filter>
    </Library>
    <Library Include="Auth\libcurl.lib" />
    <Library Include="Auth\library_x64.lib" />
  </ItemGroup>
</Project>